Microsoft Visual Studio Solution File, Format Version 11.00
# Visual Studio 2008

Project("{917F3132-8390-1AEC-9EBA-E1CA953AE6A2}") = "YaNetu", "Assembly-CSharp.csproj", "{CA396E15-A0BC-C17B-E51A-CDD13B841BCB}"
EndProject
Global
	GlobalSection(SolutionConfigurationPlatforms) = preSolution
		Debug|Any CPU = Debug|Any CPU
		Release|Any CPU = Release|Any CPU
	EndGlobalSection
	GlobalSection(ProjectConfigurationPlatforms) = postSolution
		{CA396E15-A0BC-C17B-E51A-CDD13B841BCB}.Debug|Any CPU.ActiveCfg = Debug|Any CPU
		{CA396E15-A0BC-C17B-E51A-CDD13B841BCB}.Debug|Any CPU.Build.0 = Debug|Any CPU
		{CA396E15-A0BC-C17B-E51A-CDD13B841BCB}.Release|Any CPU.ActiveCfg = Release|Any CPU
		{CA396E15-A0BC-C17B-E51A-CDD13B841BCB}.Release|Any CPU.Build.0 = Release|Any CPU
	EndGlobalSection
	GlobalSection(SolutionProperties) = preSolution
		HideSolutionNode = FALSE
	EndGlobalSection
	GlobalSection(MonoDevelopProperties) = preSolution
		StartupItem = Assembly-CSharp.csproj
	EndGlobalSection
EndGlobal
